
Microsoft Visual Studio Solution File, Format Version 12.00
# Visual Studio Version 16
VisualStudioVersion = 16.0.29519.181
MinimumVisualStudioVersion = 10.0.40219.1
Project("{2150E333-8FDC-42A3-9474-1A3956D46DE8}") = "samples", "samples", "{E03ECFC7-F1C2-4F50-AC2D-E968A4964E39}"
EndProject
Project("{9A19103F-16F7-4668-BE54-9A1E7A4F7556}") = "ddd.Presentation.ApiManager", "samples\demo\ddd.Presentation.ApiManager\ddd.Presentation.ApiManager.csproj", "{8A8D2012-DF4F-48B5-A216-4CC254B5D7A6}"
EndProject
Project("{2150E333-8FDC-42A3-9474-1A3956D46DE8}") = "demo", "demo", "{8BF24629-3B9A-49FC-8297-363F3E297FE4}"
EndProject
Project("{2150E333-8FDC-42A3-9474-1A3956D46DE8}") = "src", "src", "{7A665E63-E5DE-4665-92A8-52586D0071A9}"
EndProject
Project("{9A19103F-16F7-4668-BE54-9A1E7A4F7556}") = "ddd.ApplicationService", "src\ddd.ApplicationService\ddd.ApplicationService.csproj", "{C00D2CC8-8F04-4AC2-AE53-EB9201E27665}"
EndProject
Project("{9A19103F-16F7-4668-BE54-9A1E7A4F7556}") = "ddd", "src\ddd\ddd.csproj", "{53C3BE98-888A-4495-B7BA-5BF87061B44B}"
EndProject
Project("{9A19103F-16F7-4668-BE54-9A1E7A4F7556}") = "ddd.Presentation", "src\ddd.Presentation\ddd.Presentation.csproj", "{B36F7CD0-8D59-42C1-BBDD-1ADA267DCBBB}"
EndProject
Project("{9A19103F-16F7-4668-BE54-9A1E7A4F7556}") = "ddd.Data", "src\ddd.Data\ddd.Data.csproj", "{E79EC03A-27BF-457A-813F-4E925EC16C1C}"
EndProject
Project("{9A19103F-16F7-4668-BE54-9A1E7A4F7556}") = "ddd.Domain", "src\ddd.Domain\ddd.Domain.csproj", "{B00A7C66-44E2-47E6-8A92-5231CE54C961}"
EndProject
Project("{9A19103F-16F7-4668-BE54-9A1E7A4F7556}") = "ddd.Model", "src\ddd.Model\ddd.Model.csproj", "{834E864B-4590-418A-9E76-0315431FDB25}"
EndProject
Project("{9A19103F-16F7-4668-BE54-9A1E7A4F7556}") = "ddd.MediatR", "src\ddd.MediatR\ddd.MediatR.csproj", "{D8DE6F71-40E9-4240-ABE7-69FAFE242D56}"
EndProject
Project("{FAE04EC0-301F-11D3-BF4B-00C04F79EFBC}") = "ddd.Extensions", "src\ddd.Extensions\ddd.Extensions.csproj", "{E362AEC1-EBB5-49BA-A8FB-1CD2357CD258}"
EndProject
Global
	GlobalSection(SolutionConfigurationPlatforms) = preSolution
		Debug|Any CPU = Debug|Any CPU
		Release|Any CPU = Release|Any CPU
	EndGlobalSection
	GlobalSection(ProjectConfigurationPlatforms) = postSolution
		{8A8D2012-DF4F-48B5-A216-4CC254B5D7A6}.Debug|Any CPU.ActiveCfg = Debug|Any CPU
		{8A8D2012-DF4F-48B5-A216-4CC254B5D7A6}.Debug|Any CPU.Build.0 = Debug|Any CPU
		{8A8D2012-DF4F-48B5-A216-4CC254B5D7A6}.Release|Any CPU.ActiveCfg = Release|Any CPU
		{8A8D2012-DF4F-48B5-A216-4CC254B5D7A6}.Release|Any CPU.Build.0 = Release|Any CPU
		{C00D2CC8-8F04-4AC2-AE53-EB9201E27665}.Debug|Any CPU.ActiveCfg = Debug|Any CPU
		{C00D2CC8-8F04-4AC2-AE53-EB9201E27665}.Debug|Any CPU.Build.0 = Debug|Any CPU
		{C00D2CC8-8F04-4AC2-AE53-EB9201E27665}.Release|Any CPU.ActiveCfg = Release|Any CPU
		{C00D2CC8-8F04-4AC2-AE53-EB9201E27665}.Release|Any CPU.Build.0 = Release|Any CPU
		{53C3BE98-888A-4495-B7BA-5BF87061B44B}.Debug|Any CPU.ActiveCfg = Debug|Any CPU
		{53C3BE98-888A-4495-B7BA-5BF87061B44B}.Debug|Any CPU.Build.0 = Debug|Any CPU
		{53C3BE98-888A-4495-B7BA-5BF87061B44B}.Release|Any CPU.ActiveCfg = Release|Any CPU
		{53C3BE98-888A-4495-B7BA-5BF87061B44B}.Release|Any CPU.Build.0 = Release|Any CPU
		{B36F7CD0-8D59-42C1-BBDD-1ADA267DCBBB}.Debug|Any CPU.ActiveCfg = Debug|Any CPU
		{B36F7CD0-8D59-42C1-BBDD-1ADA267DCBBB}.Debug|Any CPU.Build.0 = Debug|Any CPU
		{B36F7CD0-8D59-42C1-BBDD-1ADA267DCBBB}.Release|Any CPU.ActiveCfg = Release|Any CPU
		{B36F7CD0-8D59-42C1-BBDD-1ADA267DCBBB}.Release|Any CPU.Build.0 = Release|Any CPU
		{E79EC03A-27BF-457A-813F-4E925EC16C1C}.Debug|Any CPU.ActiveCfg = Debug|Any CPU
		{E79EC03A-27BF-457A-813F-4E925EC16C1C}.Debug|Any CPU.Build.0 = Debug|Any CPU
		{E79EC03A-27BF-457A-813F-4E925EC16C1C}.Release|Any CPU.ActiveCfg = Release|Any CPU
		{E79EC03A-27BF-457A-813F-4E925EC16C1C}.Release|Any CPU.Build.0 = Release|Any CPU
		{B00A7C66-44E2-47E6-8A92-5231CE54C961}.Debug|Any CPU.ActiveCfg = Debug|Any CPU
		{B00A7C66-44E2-47E6-8A92-5231CE54C961}.Debug|Any CPU.Build.0 = Debug|Any CPU
		{B00A7C66-44E2-47E6-8A92-5231CE54C961}.Release|Any CPU.ActiveCfg = Release|Any CPU
		{B00A7C66-44E2-47E6-8A92-5231CE54C961}.Release|Any CPU.Build.0 = Release|Any CPU
		{834E864B-4590-418A-9E76-0315431FDB25}.Debug|Any CPU.ActiveCfg = Debug|Any CPU
		{834E864B-4590-418A-9E76-0315431FDB25}.Debug|Any CPU.Build.0 = Debug|Any CPU
		{834E864B-4590-418A-9E76-0315431FDB25}.Release|Any CPU.ActiveCfg = Release|Any CPU
		{834E864B-4590-418A-9E76-0315431FDB25}.Release|Any CPU.Build.0 = Release|Any CPU
		{D8DE6F71-40E9-4240-ABE7-69FAFE242D56}.Debug|Any CPU.ActiveCfg = Debug|Any CPU
		{D8DE6F71-40E9-4240-ABE7-69FAFE242D56}.Debug|Any CPU.Build.0 = Debug|Any CPU
		{D8DE6F71-40E9-4240-ABE7-69FAFE242D56}.Release|Any CPU.ActiveCfg = Release|Any CPU
		{D8DE6F71-40E9-4240-ABE7-69FAFE242D56}.Release|Any CPU.Build.0 = Release|Any CPU
		{E362AEC1-EBB5-49BA-A8FB-1CD2357CD258}.Debug|Any CPU.ActiveCfg = Debug|Any CPU
		{E362AEC1-EBB5-49BA-A8FB-1CD2357CD258}.Debug|Any CPU.Build.0 = Debug|Any CPU
		{E362AEC1-EBB5-49BA-A8FB-1CD2357CD258}.Release|Any CPU.ActiveCfg = Release|Any CPU
		{E362AEC1-EBB5-49BA-A8FB-1CD2357CD258}.Release|Any CPU.Build.0 = Release|Any CPU
	EndGlobalSection
	GlobalSection(SolutionProperties) = preSolution
		HideSolutionNode = FALSE
	EndGlobalSection
	GlobalSection(NestedProjects) = preSolution
		{8A8D2012-DF4F-48B5-A216-4CC254B5D7A6} = {8BF24629-3B9A-49FC-8297-363F3E297FE4}
		{8BF24629-3B9A-49FC-8297-363F3E297FE4} = {E03ECFC7-F1C2-4F50-AC2D-E968A4964E39}
		{C00D2CC8-8F04-4AC2-AE53-EB9201E27665} = {7A665E63-E5DE-4665-92A8-52586D0071A9}
		{53C3BE98-888A-4495-B7BA-5BF87061B44B} = {7A665E63-E5DE-4665-92A8-52586D0071A9}
		{B36F7CD0-8D59-42C1-BBDD-1ADA267DCBBB} = {7A665E63-E5DE-4665-92A8-52586D0071A9}
		{E79EC03A-27BF-457A-813F-4E925EC16C1C} = {7A665E63-E5DE-4665-92A8-52586D0071A9}
		{B00A7C66-44E2-47E6-8A92-5231CE54C961} = {7A665E63-E5DE-4665-92A8-52586D0071A9}
		{834E864B-4590-418A-9E76-0315431FDB25} = {7A665E63-E5DE-4665-92A8-52586D0071A9}
		{D8DE6F71-40E9-4240-ABE7-69FAFE242D56} = {7A665E63-E5DE-4665-92A8-52586D0071A9}
		{E362AEC1-EBB5-49BA-A8FB-1CD2357CD258} = {7A665E63-E5DE-4665-92A8-52586D0071A9}
	EndGlobalSection
	GlobalSection(ExtensibilityGlobals) = postSolution
		SolutionGuid = {E9EB5296-7AC9-4FEB-BF44-EFE6BF11B797}
	EndGlobalSection
EndGlobal
